lockfileVersion: '9.0'

settings:
  autoInstallPeers: true
  excludeLinksFromLockfile: false

importers:

  .:
    dependencies:
      adm-zip:
        specifier: ^0.5.16
        version: 0.5.16

packages:

  adm-zip@0.5.16:
    resolution: {integrity: sha512-TGw5yVi4saajsSEgz25grObGHEUaDrniwvA2qwSC060KfqGPdglhvPMA2lPIoxs3PQIItj2iag35fONcQqgUaQ==}
    engines: {node: '>=12.0'}

snapshots:

  adm-zip@0.5.16: {}
